
Microsoft Visual Studio Solution File, Format Version 12.00
# Visual Studio Version 17
VisualStudioVersion = 17.3.32825.248
MinimumVisualStudioVersion = 10.0.40219.1
Project("{9A19103F-16F7-4668-BE54-9A1E7A4F7556}") = "HeadFirstOOAD", "HeadFirstOOAD\HeadFirstOOAD.csproj", "{3299A123-D664-4818-98EE-C14DAC8D88DC}"
EndProject
Project("{9A19103F-16F7-4668-BE54-9A1E7A4F7556}") = "Utils", "Utils\Utils.csproj", "{7F060A05-9197-475F-938D-08EDD742BCA2}"
EndProject
Project("{9A19103F-16F7-4668-BE54-9A1E7A4F7556}") = "Domain", "Domain\Domain.csproj", "{F7C3B10C-8E7A-42A6-BDBE-733DE272FA77}"
EndProject
Project("{9A19103F-16F7-4668-BE54-9A1E7A4F7556}") = "InfraStructure", "InfraStructure\InfraStructure.csproj", "{2080CB13-3E88-49AC-BF86-5A84EB2E2BD5}"
EndProject
Project("{9A19103F-16F7-4668-BE54-9A1E7A4F7556}") = "LoggingAPI", "MainAPI1\LoggingAPI.csproj", "{00AFA009-9D5B-4FCA-AC20-B58FECA36EA8}"
EndProject
Project("{9A19103F-16F7-4668-BE54-9A1E7A4F7556}") = "Application1", "Application1\Application1.csproj", "{15747962-888C-478E-8B07-A99AA02253C8}"
EndProject
Global
	GlobalSection(SolutionConfigurationPlatforms) = preSolution
		Debug|Any CPU = Debug|Any CPU
		Release|Any CPU = Release|Any CPU
	EndGlobalSection
	GlobalSection(ProjectConfigurationPlatforms) = postSolution
		{3299A123-D664-4818-98EE-C14DAC8D88DC}.Debug|Any CPU.ActiveCfg = Debug|Any CPU
		{3299A123-D664-4818-98EE-C14DAC8D88DC}.Debug|Any CPU.Build.0 = Debug|Any CPU
		{3299A123-D664-4818-98EE-C14DAC8D88DC}.Release|Any CPU.ActiveCfg = Release|Any CPU
		{3299A123-D664-4818-98EE-C14DAC8D88DC}.Release|Any CPU.Build.0 = Release|Any CPU
		{7F060A05-9197-475F-938D-08EDD742BCA2}.Debug|Any CPU.ActiveCfg = Debug|Any CPU
		{7F060A05-9197-475F-938D-08EDD742BCA2}.Debug|Any CPU.Build.0 = Debug|Any CPU
		{7F060A05-9197-475F-938D-08EDD742BCA2}.Release|Any CPU.ActiveCfg = Release|Any CPU
		{7F060A05-9197-475F-938D-08EDD742BCA2}.Release|Any CPU.Build.0 = Release|Any CPU
		{F7C3B10C-8E7A-42A6-BDBE-733DE272FA77}.Debug|Any CPU.ActiveCfg = Debug|Any CPU
		{F7C3B10C-8E7A-42A6-BDBE-733DE272FA77}.Debug|Any CPU.Build.0 = Debug|Any CPU
		{F7C3B10C-8E7A-42A6-BDBE-733DE272FA77}.Release|Any CPU.ActiveCfg = Release|Any CPU
		{F7C3B10C-8E7A-42A6-BDBE-733DE272FA77}.Release|Any CPU.Build.0 = Release|Any CPU
		{2080CB13-3E88-49AC-BF86-5A84EB2E2BD5}.Debug|Any CPU.ActiveCfg = Debug|Any CPU
		{2080CB13-3E88-49AC-BF86-5A84EB2E2BD5}.Debug|Any CPU.Build.0 = Debug|Any CPU
		{2080CB13-3E88-49AC-BF86-5A84EB2E2BD5}.Release|Any CPU.ActiveCfg = Release|Any CPU
		{2080CB13-3E88-49AC-BF86-5A84EB2E2BD5}.Release|Any CPU.Build.0 = Release|Any CPU
		{00AFA009-9D5B-4FCA-AC20-B58FECA36EA8}.Debug|Any CPU.ActiveCfg = Debug|Any CPU
		{00AFA009-9D5B-4FCA-AC20-B58FECA36EA8}.Debug|Any CPU.Build.0 = Debug|Any CPU
		{00AFA009-9D5B-4FCA-AC20-B58FECA36EA8}.Release|Any CPU.ActiveCfg = Release|Any CPU
		{00AFA009-9D5B-4FCA-AC20-B58FECA36EA8}.Release|Any CPU.Build.0 = Release|Any CPU
		{15747962-888C-478E-8B07-A99AA02253C8}.Debug|Any CPU.ActiveCfg = Debug|Any CPU
		{15747962-888C-478E-8B07-A99AA02253C8}.Debug|Any CPU.Build.0 = Debug|Any CPU
		{15747962-888C-478E-8B07-A99AA02253C8}.Release|Any CPU.ActiveCfg = Release|Any CPU
		{15747962-888C-478E-8B07-A99AA02253C8}.Release|Any CPU.Build.0 = Release|Any CPU
	EndGlobalSection
	GlobalSection(SolutionProperties) = preSolution
		HideSolutionNode = FALSE
	EndGlobalSection
	GlobalSection(ExtensibilityGlobals) = postSolution
		SolutionGuid = {FB990BF6-2C85-47E7-B57B-A2BBB08A0C92}
	EndGlobalSection
EndGlobal
